
Microsoft Visual Studio Solution File, Format Version 12.00
# Visual Studio Version 17
VisualStudioVersion = 17.12.35707.178 d17.12
MinimumVisualStudioVersion = 10.0.40219.1
Project("{FAE04EC0-301F-11D3-BF4B-00C04F79EFBC}") = "HeThongGuiRutTienTietKiemTheoNghiepVuNganHang", "HeThongGuiRutTienTietKiemTheoNghiepVuNganHang\HeThongGuiRutTienTietKiemTheoNghiepVuNganHang.csproj", "{190DCAF0-11D3-4989-93F2-1091E30E2898}"
EndProject
Global
	GlobalSection(SolutionConfigurationPlatforms) = preSolution
		Debug|Any CPU = Debug|Any CPU
		Release|Any CPU = Release|Any CPU
	EndGlobalSection
	GlobalSection(ProjectConfigurationPlatforms) = postSolution
		{190DCAF0-11D3-4989-93F2-1091E30E2898}.Debug|Any CPU.ActiveCfg = Debug|Any CPU
		{190DCAF0-11D3-4989-93F2-1091E30E2898}.Debug|Any CPU.Build.0 = Debug|Any CPU
		{190DCAF0-11D3-4989-93F2-1091E30E2898}.Release|Any CPU.ActiveCfg = Release|Any CPU
		{190DCAF0-11D3-4989-93F2-1091E30E2898}.Release|Any CPU.Build.0 = Release|Any CPU
	EndGlobalSection
	GlobalSection(SolutionProperties) = preSolution
		HideSolutionNode = FALSE
	EndGlobalSection
EndGlobal
